Microsoft Visual Studio Solution File, Format Version 11.00
# Visual Studio 2008

Project("{CB12D0C5-318C-342B-CFF4-B54097116874}") = "Exemplos", "Assembly-CSharp.csproj", "{A3960005-FB0C-927C-1D02-2BDFA1E2B60B}"
EndProject
Global
	GlobalSection(SolutionConfigurationPlatforms) = preSolution
		Debug|Any CPU = Debug|Any CPU
		Release|Any CPU = Release|Any CPU
	EndGlobalSection
	GlobalSection(ProjectConfigurationPlatforms) = postSolution
		{A3960005-FB0C-927C-1D02-2BDFA1E2B60B}.Debug|Any CPU.ActiveCfg = Debug|Any CPU
		{A3960005-FB0C-927C-1D02-2BDFA1E2B60B}.Debug|Any CPU.Build.0 = Debug|Any CPU
		{A3960005-FB0C-927C-1D02-2BDFA1E2B60B}.Release|Any CPU.ActiveCfg = Release|Any CPU
		{A3960005-FB0C-927C-1D02-2BDFA1E2B60B}.Release|Any CPU.Build.0 = Release|Any CPU
	EndGlobalSection
	GlobalSection(SolutionProperties) = preSolution
		HideSolutionNode = FALSE
	EndGlobalSection
	GlobalSection(MonoDevelopProperties) = preSolution
		StartupItem = Assembly-CSharp.csproj
	EndGlobalSection
EndGlobal
