Microsoft Visual Studio Solution File, Format Version 11.00
# Visual Studio 2008

Project("{0AC14E8C-305D-7130-D8E8-2A5E08CFB184}") = "MiniCurso", "Assembly-CSharp.csproj", "{55CACD74-6F18-5834-29EA-C8E57278C061}"
EndProject
Global
	GlobalSection(SolutionConfigurationPlatforms) = preSolution
		Debug|Any CPU = Debug|Any CPU
		Release|Any CPU = Release|Any CPU
	EndGlobalSection
	GlobalSection(ProjectConfigurationPlatforms) = postSolution
		{55CACD74-6F18-5834-29EA-C8E57278C061}.Debug|Any CPU.ActiveCfg = Debug|Any CPU
		{55CACD74-6F18-5834-29EA-C8E57278C061}.Debug|Any CPU.Build.0 = Debug|Any CPU
		{55CACD74-6F18-5834-29EA-C8E57278C061}.Release|Any CPU.ActiveCfg = Release|Any CPU
		{55CACD74-6F18-5834-29EA-C8E57278C061}.Release|Any CPU.Build.0 = Release|Any CPU
	EndGlobalSection
	GlobalSection(SolutionProperties) = preSolution
		HideSolutionNode = FALSE
	EndGlobalSection
	GlobalSection(MonoDevelopProperties) = preSolution
		StartupItem = Assembly-CSharp.csproj
	EndGlobalSection
EndGlobal
